
Microsoft Visual Studio Solution File, Format Version 12.00
# Visual Studio Version 17
VisualStudioVersion = 17.0.31903.59
MinimumVisualStudioVersion = 10.0.40219.1
Project("{2150E333-8FDC-42A3-9474-1A3956D46DE8}") = "src", "src", "{827E0CD3-B72D-47B6-A68D-7590B98EB39B}"
EndProject
Project("{FAE04EC0-301F-11D3-BF4B-00C04F79EFBC}") = "LOMs.Api", "src\LOMs.Api\LOMs.Api.csproj", "{B678A86E-7F1D-476C-A96E-256A57A43A27}"
EndProject
Project("{FAE04EC0-301F-11D3-BF4B-00C04F79EFBC}") = "LOMs.Application", "src\LOMs.Application\LOMs.Application.csproj", "{4B6C6EE3-7744-4B42-9644-AD0E743A7FB8}"
EndProject
Project("{FAE04EC0-301F-11D3-BF4B-00C04F79EFBC}") = "LOMs.Contract", "src\LOMs.Contract\LOMs.Contract.csproj", "{5B803C0A-D68C-41F0-8761-DFA26F82BCDF}"
EndProject
Project("{FAE04EC0-301F-11D3-BF4B-00C04F79EFBC}") = "LOMs.Domain", "src\LOMs.Domain\LOMs.Domain.csproj", "{FA0DB833-8EFC-4ECA-80EC-B68CD45E63A6}"
EndProject
Project("{FAE04EC0-301F-11D3-BF4B-00C04F79EFBC}") = "LOMs.Infrastructure", "src\LOMs.Infrastructure\LOMs.Infrastructure.csproj", "{B29151E1-7529-448B-822D-D225B5F7F7F2}"
EndProject
Global
	GlobalSection(SolutionConfigurationPlatforms) = preSolution
		Debug|Any CPU = Debug|Any CPU
		Debug|x64 = Debug|x64
		Debug|x86 = Debug|x86
		Release|Any CPU = Release|Any CPU
		Release|x64 = Release|x64
		Release|x86 = Release|x86
	EndGlobalSection
	GlobalSection(ProjectConfigurationPlatforms) = postSolution
		{B678A86E-7F1D-476C-A96E-256A57A43A27}.Debug|Any CPU.ActiveCfg = Debug|Any CPU
		{B678A86E-7F1D-476C-A96E-256A57A43A27}.Debug|Any CPU.Build.0 = Debug|Any CPU
		{B678A86E-7F1D-476C-A96E-256A57A43A27}.Debug|x64.ActiveCfg = Debug|Any CPU
		{B678A86E-7F1D-476C-A96E-256A57A43A27}.Debug|x64.Build.0 = Debug|Any CPU
		{B678A86E-7F1D-476C-A96E-256A57A43A27}.Debug|x86.ActiveCfg = Debug|Any CPU
		{B678A86E-7F1D-476C-A96E-256A57A43A27}.Debug|x86.Build.0 = Debug|Any CPU
		{B678A86E-7F1D-476C-A96E-256A57A43A27}.Release|Any CPU.ActiveCfg = Release|Any CPU
		{B678A86E-7F1D-476C-A96E-256A57A43A27}.Release|Any CPU.Build.0 = Release|Any CPU
		{B678A86E-7F1D-476C-A96E-256A57A43A27}.Release|x64.ActiveCfg = Release|Any CPU
		{B678A86E-7F1D-476C-A96E-256A57A43A27}.Release|x64.Build.0 = Release|Any CPU
		{B678A86E-7F1D-476C-A96E-256A57A43A27}.Release|x86.ActiveCfg = Release|Any CPU
		{B678A86E-7F1D-476C-A96E-256A57A43A27}.Release|x86.Build.0 = Release|Any CPU
		{4B6C6EE3-7744-4B42-9644-AD0E743A7FB8}.Debug|Any CPU.ActiveCfg = Debug|Any CPU
		{4B6C6EE3-7744-4B42-9644-AD0E743A7FB8}.Debug|Any CPU.Build.0 = Debug|Any CPU
		{4B6C6EE3-7744-4B42-9644-AD0E743A7FB8}.Debug|x64.ActiveCfg = Debug|Any CPU
		{4B6C6EE3-7744-4B42-9644-AD0E743A7FB8}.Debug|x64.Build.0 = Debug|Any CPU
		{4B6C6EE3-7744-4B42-9644-AD0E743A7FB8}.Debug|x86.ActiveCfg = Debug|Any CPU
		{4B6C6EE3-7744-4B42-9644-AD0E743A7FB8}.Debug|x86.Build.0 = Debug|Any CPU
		{4B6C6EE3-7744-4B42-9644-AD0E743A7FB8}.Release|Any CPU.ActiveCfg = Release|Any CPU
		{4B6C6EE3-7744-4B42-9644-AD0E743A7FB8}.Release|Any CPU.Build.0 = Release|Any CPU
		{4B6C6EE3-7744-4B42-9644-AD0E743A7FB8}.Release|x64.ActiveCfg = Release|Any CPU
		{4B6C6EE3-7744-4B42-9644-AD0E743A7FB8}.Release|x64.Build.0 = Release|Any CPU
		{4B6C6EE3-7744-4B42-9644-AD0E743A7FB8}.Release|x86.ActiveCfg = Release|Any CPU
		{4B6C6EE3-7744-4B42-9644-AD0E743A7FB8}.Release|x86.Build.0 = Release|Any CPU
		{5B803C0A-D68C-41F0-8761-DFA26F82BCDF}.Debug|Any CPU.ActiveCfg = Debug|Any CPU
		{5B803C0A-D68C-41F0-8761-DFA26F82BCDF}.Debug|Any CPU.Build.0 = Debug|Any CPU
		{5B803C0A-D68C-41F0-8761-DFA26F82BCDF}.Debug|x64.ActiveCfg = Debug|Any CPU
		{5B803C0A-D68C-41F0-8761-DFA26F82BCDF}.Debug|x64.Build.0 = Debug|Any CPU
		{5B803C0A-D68C-41F0-8761-DFA26F82BCDF}.Debug|x86.ActiveCfg = Debug|Any CPU
		{5B803C0A-D68C-41F0-8761-DFA26F82BCDF}.Debug|x86.Build.0 = Debug|Any CPU
		{5B803C0A-D68C-41F0-8761-DFA26F82BCDF}.Release|Any CPU.ActiveCfg = Release|Any CPU
		{5B803C0A-D68C-41F0-8761-DFA26F82BCDF}.Release|Any CPU.Build.0 = Release|Any CPU
		{5B803C0A-D68C-41F0-8761-DFA26F82BCDF}.Release|x64.ActiveCfg = Release|Any CPU
		{5B803C0A-D68C-41F0-8761-DFA26F82BCDF}.Release|x64.Build.0 = Release|Any CPU
		{5B803C0A-D68C-41F0-8761-DFA26F82BCDF}.Release|x86.ActiveCfg = Release|Any CPU
		{5B803C0A-D68C-41F0-8761-DFA26F82BCDF}.Release|x86.Build.0 = Release|Any CPU
		{FA0DB833-8EFC-4ECA-80EC-B68CD45E63A6}.Debug|Any CPU.ActiveCfg = Debug|Any CPU
		{FA0DB833-8EFC-4ECA-80EC-B68CD45E63A6}.Debug|Any CPU.Build.0 = Debug|Any CPU
		{FA0DB833-8EFC-4ECA-80EC-B68CD45E63A6}.Debug|x64.ActiveCfg = Debug|Any CPU
		{FA0DB833-8EFC-4ECA-80EC-B68CD45E63A6}.Debug|x64.Build.0 = Debug|Any CPU
		{FA0DB833-8EFC-4ECA-80EC-B68CD45E63A6}.Debug|x86.ActiveCfg = Debug|Any CPU
		{FA0DB833-8EFC-4ECA-80EC-B68CD45E63A6}.Debug|x86.Build.0 = Debug|Any CPU
		{FA0DB833-8EFC-4ECA-80EC-B68CD45E63A6}.Release|Any CPU.ActiveCfg = Release|Any CPU
		{FA0DB833-8EFC-4ECA-80EC-B68CD45E63A6}.Release|Any CPU.Build.0 = Release|Any CPU
		{FA0DB833-8EFC-4ECA-80EC-B68CD45E63A6}.Release|x64.ActiveCfg = Release|Any CPU
		{FA0DB833-8EFC-4ECA-80EC-B68CD45E63A6}.Release|x64.Build.0 = Release|Any CPU
		{FA0DB833-8EFC-4ECA-80EC-B68CD45E63A6}.Release|x86.ActiveCfg = Release|Any CPU
		{FA0DB833-8EFC-4ECA-80EC-B68CD45E63A6}.Release|x86.Build.0 = Release|Any CPU
		{B29151E1-7529-448B-822D-D225B5F7F7F2}.Debug|Any CPU.ActiveCfg = Debug|Any CPU
		{B29151E1-7529-448B-822D-D225B5F7F7F2}.Debug|Any CPU.Build.0 = Debug|Any CPU
		{B29151E1-7529-448B-822D-D225B5F7F7F2}.Debug|x64.ActiveCfg = Debug|Any CPU
		{B29151E1-7529-448B-822D-D225B5F7F7F2}.Debug|x64.Build.0 = Debug|Any CPU
		{B29151E1-7529-448B-822D-D225B5F7F7F2}.Debug|x86.ActiveCfg = Debug|Any CPU
		{B29151E1-7529-448B-822D-D225B5F7F7F2}.Debug|x86.Build.0 = Debug|Any CPU
		{B29151E1-7529-448B-822D-D225B5F7F7F2}.Release|Any CPU.ActiveCfg = Release|Any CPU
		{B29151E1-7529-448B-822D-D225B5F7F7F2}.Release|Any CPU.Build.0 = Release|Any CPU
		{B29151E1-7529-448B-822D-D225B5F7F7F2}.Release|x64.ActiveCfg = Release|Any CPU
		{B29151E1-7529-448B-822D-D225B5F7F7F2}.Release|x64.Build.0 = Release|Any CPU
		{B29151E1-7529-448B-822D-D225B5F7F7F2}.Release|x86.ActiveCfg = Release|Any CPU
		{B29151E1-7529-448B-822D-D225B5F7F7F2}.Release|x86.Build.0 = Release|Any CPU
	EndGlobalSection
	GlobalSection(SolutionProperties) = preSolution
		HideSolutionNode = FALSE
	EndGlobalSection
	GlobalSection(NestedProjects) = preSolution
		{B678A86E-7F1D-476C-A96E-256A57A43A27} = {827E0CD3-B72D-47B6-A68D-7590B98EB39B}
		{4B6C6EE3-7744-4B42-9644-AD0E743A7FB8} = {827E0CD3-B72D-47B6-A68D-7590B98EB39B}
		{5B803C0A-D68C-41F0-8761-DFA26F82BCDF} = {827E0CD3-B72D-47B6-A68D-7590B98EB39B}
		{FA0DB833-8EFC-4ECA-80EC-B68CD45E63A6} = {827E0CD3-B72D-47B6-A68D-7590B98EB39B}
		{B29151E1-7529-448B-822D-D225B5F7F7F2} = {827E0CD3-B72D-47B6-A68D-7590B98EB39B}
	EndGlobalSection
EndGlobal
